
Microsoft Visual Studio Solution File, Format Version 12.00
# Visual Studio Version 17
VisualStudioVersion = 17.10.34928.147
MinimumVisualStudioVersion = 10.0.40219.1
Project("{FAE04EC0-301F-11D3-BF4B-00C04F79EFBC}") = "AlgorythOfSeparatingTheRoots", "AlgorythOfSeparatingTheRoots\AlgorythOfSeparatingTheRoots.csproj", "{0A9A8947-A371-41F9-A7B5-AC4B0F192C64}"
EndProject
Global
	GlobalSection(SolutionConfigurationPlatforms) = preSolution
		Debug|Any CPU = Debug|Any CPU
		Release|Any CPU = Release|Any CPU
	EndGlobalSection
	GlobalSection(ProjectConfigurationPlatforms) = postSolution
		{0A9A8947-A371-41F9-A7B5-AC4B0F192C64}.Debug|Any CPU.ActiveCfg = Debug|Any CPU
		{0A9A8947-A371-41F9-A7B5-AC4B0F192C64}.Debug|Any CPU.Build.0 = Debug|Any CPU
		{0A9A8947-A371-41F9-A7B5-AC4B0F192C64}.Release|Any CPU.ActiveCfg = Release|Any CPU
		{0A9A8947-A371-41F9-A7B5-AC4B0F192C64}.Release|Any CPU.Build.0 = Release|Any CPU
	EndGlobalSection
	GlobalSection(SolutionProperties) = preSolution
		HideSolutionNode = FALSE
	EndGlobalSection
	GlobalSection(ExtensibilityGlobals) = postSolution
		SolutionGuid = {CA2F329D-1858-412F-B983-B708D48EC5A6}
	EndGlobalSection
EndGlobal
